
Microsoft Visual Studio Solution File, Format Version 12.00
# Visual Studio 15
VisualStudioVersion = 15.0.27703.2042
MinimumVisualStudioVersion = 10.0.40219.1
Project("{8BC9CEB8-8B4A-11D0-8D11-00A0C91BC942}") = "Lab2-Start", "Lab2-Start\Lab2-Start.vcxproj", "{30B93614-0DC6-426B-9035-B6C01EB5D3D2}"
EndProject
Global
	GlobalSection(SolutionConfigurationPlatforms) = preSolution
		Debug|x64 = Debug|x64
		Debug|x86 = Debug|x86
		Release|x64 = Release|x64
		Release|x86 = Release|x86
	EndGlobalSection
	GlobalSection(ProjectConfigurationPlatforms) = postSolution
		{30B93614-0DC6-426B-9035-B6C01EB5D3D2}.Debug|x64.ActiveCfg = Debug|x64
		{30B93614-0DC6-426B-9035-B6C01EB5D3D2}.Debug|x64.Build.0 = Debug|x64
		{30B93614-0DC6-426B-9035-B6C01EB5D3D2}.Debug|x86.ActiveCfg = Debug|Win32
		{30B93614-0DC6-426B-9035-B6C01EB5D3D2}.Debug|x86.Build.0 = Debug|Win32
		{30B93614-0DC6-426B-9035-B6C01EB5D3D2}.Release|x64.ActiveCfg = Release|x64
		{30B93614-0DC6-426B-9035-B6C01EB5D3D2}.Release|x64.Build.0 = Release|x64
		{30B93614-0DC6-426B-9035-B6C01EB5D3D2}.Release|x86.ActiveCfg = Release|Win32
		{30B93614-0DC6-426B-9035-B6C01EB5D3D2}.Release|x86.Build.0 = Release|Win32
	EndGlobalSection
	GlobalSection(SolutionProperties) = preSolution
		HideSolutionNode = FALSE
	EndGlobalSection
	GlobalSection(ExtensibilityGlobals) = postSolution
		SolutionGuid = {4BCA9150-3BEF-4791-9C3C-3AA97885CD48}
	EndGlobalSection
EndGlobal
